
Microsoft Visual Studio Solution File, Format Version 10.00
# Visual Studio 2008
Project("{2150E333-8FDC-42A3-9474-1A3956D46DE8}") = "世界编辑器插件", "世界编辑器插件", "{B3CFC205-9F5C-4634-A7B1-8B423F1701EF}"
EndProject
Project("{8BC9CEB8-8B4A-11D0-8D11-00A0C91BC942}") = "WorldEditor", "WorldEditor\WorldEditor.vcproj", "{C82E7C9C-0CEF-4E11-BA0E-0312F6F1C39C}"
	ProjectSection(ProjectDependencies) = postProject
		{DDA94B11-34D3-41F5-A56C-C2D364680F97} = {DDA94B11-34D3-41F5-A56C-C2D364680F97}
		{2E30F488-61FD-455B-BE50-9AD347C527A6} = {2E30F488-61FD-455B-BE50-9AD347C527A6}
		{DBB86BA0-889F-4473-A687-F20303A5BB44} = {DBB86BA0-889F-4473-A687-F20303A5BB44}
	EndProjectSection
EndProject
Project("{8BC9CEB8-8B4A-11D0-8D11-00A0C91BC942}") = "DisplayLayer", "..\..\DisplayLayer\DisplayLayer.vcproj", "{DBB86BA0-889F-4473-A687-F20303A5BB44}"
	ProjectSection(ProjectDependencies) = postProject
		{2E30F488-61FD-455B-BE50-9AD347C527A6} = {2E30F488-61FD-455B-BE50-9AD347C527A6}
		{CF8FAD78-D973-4782-B485-677121A60004} = {CF8FAD78-D973-4782-B485-677121A60004}
		{89837659-9A10-4FE0-A1CF-9823DA13D6FD} = {89837659-9A10-4FE0-A1CF-9823DA13D6FD}
		{DDA94B11-34D3-41F5-A56C-C2D364680F97} = {DDA94B11-34D3-41F5-A56C-C2D364680F97}
	EndProjectSection
EndProject
Project("{8BC9CEB8-8B4A-11D0-8D11-00A0C91BC942}") = "AxisGrid", "Plugins\AxisGrid\AxisGrid.vcproj", "{70E37503-2FF2-4404-9F19-E241618F426B}"
	ProjectSection(ProjectDependencies) = postProject
		{DDA94B11-34D3-41F5-A56C-C2D364680F97} = {DDA94B11-34D3-41F5-A56C-C2D364680F97}
		{2E30F488-61FD-455B-BE50-9AD347C527A6} = {2E30F488-61FD-455B-BE50-9AD347C527A6}
		{DBB86BA0-889F-4473-A687-F20303A5BB44} = {DBB86BA0-889F-4473-A687-F20303A5BB44}
	EndProjectSection
EndProject
Project("{8BC9CEB8-8B4A-11D0-8D11-00A0C91BC942}") = "EditableTerrain", "..\..\EditableTerrain\EditableTerrain.vcproj", "{2E30F488-61FD-455B-BE50-9AD347C527A6}"
EndProject
Project("{8BC9CEB8-8B4A-11D0-8D11-00A0C91BC942}") = "TerrainEditor", "Plugins\TerrainEditor\TerrainEditor.vcproj", "{35ADC247-2864-4DC1-B211-27D24CAC1020}"
	ProjectSection(ProjectDependencies) = postProject
		{DDA94B11-34D3-41F5-A56C-C2D364680F97} = {DDA94B11-34D3-41F5-A56C-C2D364680F97}
		{2E30F488-61FD-455B-BE50-9AD347C527A6} = {2E30F488-61FD-455B-BE50-9AD347C527A6}
		{DBB86BA0-889F-4473-A687-F20303A5BB44} = {DBB86BA0-889F-4473-A687-F20303A5BB44}
	EndProjectSection
EndProject
Project("{8BC9CEB8-8B4A-11D0-8D11-00A0C91BC942}") = "OgrePro", "..\..\OgrePro\OgrePro.vcproj", "{DDA94B11-34D3-41F5-A56C-C2D364680F97}"
	ProjectSection(ProjectDependencies) = postProject
		{2E30F488-61FD-455B-BE50-9AD347C527A6} = {2E30F488-61FD-455B-BE50-9AD347C527A6}
		{89837659-9A10-4FE0-A1CF-9823DA13D6FD} = {89837659-9A10-4FE0-A1CF-9823DA13D6FD}
	EndProjectSection
EndProject
Project("{8BC9CEB8-8B4A-11D0-8D11-00A0C91BC942}") = "ObjectEditor", "Plugins\ObjectEditor\ObjectEditor.vcproj", "{E02DF666-0D0D-4CF2-8713-83994B60C3A6}"
	ProjectSection(ProjectDependencies) = postProject
		{DDA94B11-34D3-41F5-A56C-C2D364680F97} = {DDA94B11-34D3-41F5-A56C-C2D364680F97}
		{2E30F488-61FD-455B-BE50-9AD347C527A6} = {2E30F488-61FD-455B-BE50-9AD347C527A6}
		{DBB86BA0-889F-4473-A687-F20303A5BB44} = {DBB86BA0-889F-4473-A687-F20303A5BB44}
	EndProjectSection
EndProject
Project("{8BC9CEB8-8B4A-11D0-8D11-00A0C91BC942}") = "CollisionSystem", "..\..\CollisionSystem\CollisionSystem.vcproj", "{89837659-9A10-4FE0-A1CF-9823DA13D6FD}"
EndProject
Project("{8BC9CEB8-8B4A-11D0-8D11-00A0C91BC942}") = "CameraController", "Plugins\CameraController\CameraController.vcproj", "{FABE9BB7-B6CE-4D5C-AD24-1BAD5B11D959}"
	ProjectSection(ProjectDependencies) = postProject
		{C82E7C9C-0CEF-4E11-BA0E-0312F6F1C39C} = {C82E7C9C-0CEF-4E11-BA0E-0312F6F1C39C}
	EndProjectSection
EndProject
Project("{8BC9CEB8-8B4A-11D0-8D11-00A0C91BC942}") = "TriggerSystem", "..\..\TriggerSystem\TriggerSystem.vcproj", "{CF8FAD78-D973-4782-B485-677121A60004}"
EndProject
Project("{8BC9CEB8-8B4A-11D0-8D11-00A0C91BC942}") = "Stroll", "Plugins\Stroll\Stroll.vcproj", "{59A98CBC-15C1-4006-A877-4CAC57A11264}"
	ProjectSection(ProjectDependencies) = postProject
		{DBB86BA0-889F-4473-A687-F20303A5BB44} = {DBB86BA0-889F-4473-A687-F20303A5BB44}
		{2E30F488-61FD-455B-BE50-9AD347C527A6} = {2E30F488-61FD-455B-BE50-9AD347C527A6}
		{DDA94B11-34D3-41F5-A56C-C2D364680F97} = {DDA94B11-34D3-41F5-A56C-C2D364680F97}
	EndProjectSection
EndProject
Global
	GlobalSection(SolutionConfigurationPlatforms) = preSolution
		Debug|Win32 = Debug|Win32
		Release|Win32 = Release|Win32
	EndGlobalSection
	GlobalSection(ProjectConfigurationPlatforms) = postSolution
		{C82E7C9C-0CEF-4E11-BA0E-0312F6F1C39C}.Debug|Win32.ActiveCfg = Debug|Win32
		{C82E7C9C-0CEF-4E11-BA0E-0312F6F1C39C}.Debug|Win32.Build.0 = Debug|Win32
		{C82E7C9C-0CEF-4E11-BA0E-0312F6F1C39C}.Release|Win32.ActiveCfg = Release|Win32
		{C82E7C9C-0CEF-4E11-BA0E-0312F6F1C39C}.Release|Win32.Build.0 = Release|Win32
		{DBB86BA0-889F-4473-A687-F20303A5BB44}.Debug|Win32.ActiveCfg = Debug|Win32
		{DBB86BA0-889F-4473-A687-F20303A5BB44}.Debug|Win32.Build.0 = Debug|Win32
		{DBB86BA0-889F-4473-A687-F20303A5BB44}.Release|Win32.ActiveCfg = Release|Win32
		{DBB86BA0-889F-4473-A687-F20303A5BB44}.Release|Win32.Build.0 = Release|Win32
		{70E37503-2FF2-4404-9F19-E241618F426B}.Debug|Win32.ActiveCfg = Debug|Win32
		{70E37503-2FF2-4404-9F19-E241618F426B}.Debug|Win32.Build.0 = Debug|Win32
		{70E37503-2FF2-4404-9F19-E241618F426B}.Release|Win32.ActiveCfg = Release|Win32
		{70E37503-2FF2-4404-9F19-E241618F426B}.Release|Win32.Build.0 = Release|Win32
		{2E30F488-61FD-455B-BE50-9AD347C527A6}.Debug|Win32.ActiveCfg = Debug|Win32
		{2E30F488-61FD-455B-BE50-9AD347C527A6}.Debug|Win32.Build.0 = Debug|Win32
		{2E30F488-61FD-455B-BE50-9AD347C527A6}.Release|Win32.ActiveCfg = Release|Win32
		{2E30F488-61FD-455B-BE50-9AD347C527A6}.Release|Win32.Build.0 = Release|Win32
		{35ADC247-2864-4DC1-B211-27D24CAC1020}.Debug|Win32.ActiveCfg = Debug|Win32
		{35ADC247-2864-4DC1-B211-27D24CAC1020}.Debug|Win32.Build.0 = Debug|Win32
		{35ADC247-2864-4DC1-B211-27D24CAC1020}.Release|Win32.ActiveCfg = Release|Win32
		{35ADC247-2864-4DC1-B211-27D24CAC1020}.Release|Win32.Build.0 = Release|Win32
		{DDA94B11-34D3-41F5-A56C-C2D364680F97}.Debug|Win32.ActiveCfg = Debug|Win32
		{DDA94B11-34D3-41F5-A56C-C2D364680F97}.Debug|Win32.Build.0 = Debug|Win32
		{DDA94B11-34D3-41F5-A56C-C2D364680F97}.Release|Win32.ActiveCfg = Release|Win32
		{DDA94B11-34D3-41F5-A56C-C2D364680F97}.Release|Win32.Build.0 = Release|Win32
		{E02DF666-0D0D-4CF2-8713-83994B60C3A6}.Debug|Win32.ActiveCfg = Debug|Win32
		{E02DF666-0D0D-4CF2-8713-83994B60C3A6}.Debug|Win32.Build.0 = Debug|Win32
		{E02DF666-0D0D-4CF2-8713-83994B60C3A6}.Release|Win32.ActiveCfg = Release|Win32
		{E02DF666-0D0D-4CF2-8713-83994B60C3A6}.Release|Win32.Build.0 = Release|Win32
		{89837659-9A10-4FE0-A1CF-9823DA13D6FD}.Debug|Win32.ActiveCfg = Debug|Win32
		{89837659-9A10-4FE0-A1CF-9823DA13D6FD}.Debug|Win32.Build.0 = Debug|Win32
		{89837659-9A10-4FE0-A1CF-9823DA13D6FD}.Release|Win32.ActiveCfg = Release|Win32
		{89837659-9A10-4FE0-A1CF-9823DA13D6FD}.Release|Win32.Build.0 = Release|Win32
		{FABE9BB7-B6CE-4D5C-AD24-1BAD5B11D959}.Debug|Win32.ActiveCfg = Debug|Win32
		{FABE9BB7-B6CE-4D5C-AD24-1BAD5B11D959}.Debug|Win32.Build.0 = Debug|Win32
		{FABE9BB7-B6CE-4D5C-AD24-1BAD5B11D959}.Release|Win32.ActiveCfg = Release|Win32
		{FABE9BB7-B6CE-4D5C-AD24-1BAD5B11D959}.Release|Win32.Build.0 = Release|Win32
		{CF8FAD78-D973-4782-B485-677121A60004}.Debug|Win32.ActiveCfg = Debug|Win32
		{CF8FAD78-D973-4782-B485-677121A60004}.Debug|Win32.Build.0 = Debug|Win32
		{CF8FAD78-D973-4782-B485-677121A60004}.Release|Win32.ActiveCfg = Release|Win32
		{CF8FAD78-D973-4782-B485-677121A60004}.Release|Win32.Build.0 = Release|Win32
		{59A98CBC-15C1-4006-A877-4CAC57A11264}.Debug|Win32.ActiveCfg = Debug|Win32
		{59A98CBC-15C1-4006-A877-4CAC57A11264}.Debug|Win32.Build.0 = Debug|Win32
		{59A98CBC-15C1-4006-A877-4CAC57A11264}.Release|Win32.ActiveCfg = Release|Win32
		{59A98CBC-15C1-4006-A877-4CAC57A11264}.Release|Win32.Build.0 = Release|Win32
	EndGlobalSection
	GlobalSection(SolutionProperties) = preSolution
		HideSolutionNode = FALSE
	EndGlobalSection
	GlobalSection(NestedProjects) = preSolution
		{70E37503-2FF2-4404-9F19-E241618F426B} = {B3CFC205-9F5C-4634-A7B1-8B423F1701EF}
		{35ADC247-2864-4DC1-B211-27D24CAC1020} = {B3CFC205-9F5C-4634-A7B1-8B423F1701EF}
		{E02DF666-0D0D-4CF2-8713-83994B60C3A6} = {B3CFC205-9F5C-4634-A7B1-8B423F1701EF}
		{FABE9BB7-B6CE-4D5C-AD24-1BAD5B11D959} = {B3CFC205-9F5C-4634-A7B1-8B423F1701EF}
		{59A98CBC-15C1-4006-A877-4CAC57A11264} = {B3CFC205-9F5C-4634-A7B1-8B423F1701EF}
	EndGlobalSection
EndGlobal
